
Microsoft Visual Studio Solution File, Format Version 12.00
# Visual Studio Version 16
VisualStudioVersion = 16.0.30717.126
MinimumVisualStudioVersion = 10.0.40219.1
Project("{FAE04EC0-301F-11D3-BF4B-00C04F79EFBC}") = "PawelOsajdaZadanieDomowe2", "PawelOsajdaZadanieDomowe2\PawelOsajdaZadanieDomowe2.csproj", "{195E32D2-E09F-4C8E-B4E6-72B0AF8E0FBB}"
EndProject
Global
	GlobalSection(SolutionConfigurationPlatforms) = preSolution
		Debug|Any CPU = Debug|Any CPU
		Release|Any CPU = Release|Any CPU
	EndGlobalSection
	GlobalSection(ProjectConfigurationPlatforms) = postSolution
		{195E32D2-E09F-4C8E-B4E6-72B0AF8E0FBB}.Debug|Any CPU.ActiveCfg = Debug|Any CPU
		{195E32D2-E09F-4C8E-B4E6-72B0AF8E0FBB}.Debug|Any CPU.Build.0 = Debug|Any CPU
		{195E32D2-E09F-4C8E-B4E6-72B0AF8E0FBB}.Release|Any CPU.ActiveCfg = Release|Any CPU
		{195E32D2-E09F-4C8E-B4E6-72B0AF8E0FBB}.Release|Any CPU.Build.0 = Release|Any CPU
	EndGlobalSection
	GlobalSection(SolutionProperties) = preSolution
		HideSolutionNode = FALSE
	EndGlobalSection
	GlobalSection(ExtensibilityGlobals) = postSolution
		SolutionGuid = {AE71027B-D803-40CC-915F-B17B20BF2C3A}
	EndGlobalSection
EndGlobal
